
Microsoft Visual Studio Solution File, Format Version 12.00
# Visual Studio Version 17
VisualStudioVersion = 17.4.33205.214
MinimumVisualStudioVersion = 10.0.40219.1
Project("{FAE04EC0-301F-11D3-BF4B-00C04F79EFBC}") = "GymMang", "GymMang\GymMang.csproj", "{2E85E608-B12C-4AC1-AC67-6E58C934A0FE}"
EndProject
Global
	GlobalSection(SolutionConfigurationPlatforms) = preSolution
		Debug|Any CPU = Debug|Any CPU
		Release|Any CPU = Release|Any CPU
	EndGlobalSection
	GlobalSection(ProjectConfigurationPlatforms) = postSolution
		{2E85E608-B12C-4AC1-AC67-6E58C934A0FE}.Debug|Any CPU.ActiveCfg = Debug|Any CPU
		{2E85E608-B12C-4AC1-AC67-6E58C934A0FE}.Debug|Any CPU.Build.0 = Debug|Any CPU
		{2E85E608-B12C-4AC1-AC67-6E58C934A0FE}.Release|Any CPU.ActiveCfg = Release|Any CPU
		{2E85E608-B12C-4AC1-AC67-6E58C934A0FE}.Release|Any CPU.Build.0 = Release|Any CPU
	EndGlobalSection
	GlobalSection(SolutionProperties) = preSolution
		HideSolutionNode = FALSE
	EndGlobalSection
	GlobalSection(ExtensibilityGlobals) = postSolution
		SolutionGuid = {4BEF3807-959F-41AE-B34C-4B47073FF833}
	EndGlobalSection
EndGlobal
